
Microsoft Visual Studio Solution File, Format Version 12.00
# Visual Studio Version 17
VisualStudioVersion = 17.5.33516.290
MinimumVisualStudioVersion = 10.0.40219.1
Project("{FAE04EC0-301F-11D3-BF4B-00C04F79EFBC}") = "AutoCoE.Extensibility.Tests", "AutoCoE.Extensibility.Tests.csproj", "{2057049C-8E6E-4DA4-9C3D-56DA1414681A}"
EndProject
Global
	GlobalSection(SolutionConfigurationPlatforms) = preSolution
		Debug|Any CPU = Debug|Any CPU
		Release|Any CPU = Release|Any CPU
	EndGlobalSection
	GlobalSection(ProjectConfigurationPlatforms) = postSolution
		{2057049C-8E6E-4DA4-9C3D-56DA1414681A}.Debug|Any CPU.ActiveCfg = Debug|Any CPU
		{2057049C-8E6E-4DA4-9C3D-56DA1414681A}.Debug|Any CPU.Build.0 = Debug|Any CPU
		{2057049C-8E6E-4DA4-9C3D-56DA1414681A}.Release|Any CPU.ActiveCfg = Release|Any CPU
		{2057049C-8E6E-4DA4-9C3D-56DA1414681A}.Release|Any CPU.Build.0 = Release|Any CPU
	EndGlobalSection
	GlobalSection(SolutionProperties) = preSolution
		HideSolutionNode = FALSE
	EndGlobalSection
	GlobalSection(ExtensibilityGlobals) = postSolution
		SolutionGuid = {4386EF4B-6F54-4FC8-9F10-77B433AC35AA}
	EndGlobalSection
EndGlobal
