
Microsoft Visual Studio Solution File, Format Version 12.00
# Visual Studio Version 17
VisualStudioVersion = 17.4.33205.214
MinimumVisualStudioVersion = 10.0.40219.1
Project("{FAE04EC0-301F-11D3-BF4B-00C04F79EFBC}") = "Plugins", "Plugins\Plugins.csproj", "{BCC334AF-D2D9-430B-A587-3C3D07335A44}"
EndProject
Project("{FAE04EC0-301F-11D3-BF4B-00C04F79EFBC}") = "AutoCoE.Extensibility.Tests", "AutoCoE.Extensibility.Tests\AutoCoE.Extensibility.Tests.csproj", "{2057049C-8E6E-4DA4-9C3D-56DA1414681A}"
EndProject
Global
	GlobalSection(SolutionConfigurationPlatforms) = preSolution
		Debug|Any CPU = Debug|Any CPU
		Release|Any CPU = Release|Any CPU
	EndGlobalSection
	GlobalSection(ProjectConfigurationPlatforms) = postSolution
		{33D3E67C-D5F5-4122-A9CD-1A2B64A490F9}.Debug|Any CPU.ActiveCfg = Debug|Any CPU
		{33D3E67C-D5F5-4122-A9CD-1A2B64A490F9}.Debug|Any CPU.Build.0 = Debug|Any CPU
		{33D3E67C-D5F5-4122-A9CD-1A2B64A490F9}.Debug|Any CPU.Deploy.0 = Debug|Any CPU
		{33D3E67C-D5F5-4122-A9CD-1A2B64A490F9}.Release|Any CPU.ActiveCfg = Release|Any CPU
		{33D3E67C-D5F5-4122-A9CD-1A2B64A490F9}.Release|Any CPU.Build.0 = Release|Any CPU
		{33D3E67C-D5F5-4122-A9CD-1A2B64A490F9}.Release|Any CPU.Deploy.0 = Release|Any CPU
		{BCC334AF-D2D9-430B-A587-3C3D07335A44}.Debug|Any CPU.ActiveCfg = Debug|Any CPU
		{BCC334AF-D2D9-430B-A587-3C3D07335A44}.Debug|Any CPU.Build.0 = Debug|Any CPU
		{BCC334AF-D2D9-430B-A587-3C3D07335A44}.Release|Any CPU.ActiveCfg = Release|Any CPU
		{BCC334AF-D2D9-430B-A587-3C3D07335A44}.Release|Any CPU.Build.0 = Release|Any CPU
		{2057049C-8E6E-4DA4-9C3D-56DA1414681A}.Debug|Any CPU.ActiveCfg = Debug|Any CPU
		{2057049C-8E6E-4DA4-9C3D-56DA1414681A}.Debug|Any CPU.Build.0 = Debug|Any CPU
		{2057049C-8E6E-4DA4-9C3D-56DA1414681A}.Release|Any CPU.ActiveCfg = Release|Any CPU
		{2057049C-8E6E-4DA4-9C3D-56DA1414681A}.Release|Any CPU.Build.0 = Release|Any CPU
	EndGlobalSection
	GlobalSection(SolutionProperties) = preSolution
		HideSolutionNode = FALSE
	EndGlobalSection
	GlobalSection(ExtensibilityGlobals) = postSolution
		SolutionGuid = {5A8928BD-5FD5-47A2-AC85-8BDF28361904}
	EndGlobalSection
	GlobalSection(CRMSolutionProperties) = preSolution
		SolutionIsBoundToCRM = True
	EndGlobalSection
EndGlobal
