
Microsoft Visual Studio Solution File, Format Version 12.00
# Visual Studio Version 16
VisualStudioVersion = 16.0.33801.447
MinimumVisualStudioVersion = 10.0.40219.1
Project("{9A19103F-16F7-4668-BE54-9A1E7A4F7556}") = "Plugins", "Plugins\Plugins.csproj", "{141B7DE7-CA19-4044-B992-1240C5C791E8}"
EndProject
Project("{FAE04EC0-301F-11D3-BF4B-00C04F79EFBC}") = "AutoCoE.Extensibility.Tests", "AutoCoE.Extensibility.Tests\AutoCoE.Extensibility.Tests.csproj", "{2057049C-8E6E-4DA4-9C3D-56DA1414681A}"
EndProject
Global
	GlobalSection(SolutionConfigurationPlatforms) = preSolution
		Debug|Any CPU = Debug|Any CPU
		Release|Any CPU = Release|Any CPU
	EndGlobalSection
	GlobalSection(ProjectConfigurationPlatforms) = postSolution
		{141B7DE7-CA19-4044-B992-1240C5C791E8}.Debug|Any CPU.ActiveCfg = Debug|Any CPU
		{141B7DE7-CA19-4044-B992-1240C5C791E8}.Debug|Any CPU.Build.0 = Debug|Any CPU
		{141B7DE7-CA19-4044-B992-1240C5C791E8}.Release|Any CPU.ActiveCfg = Release|Any CPU
		{141B7DE7-CA19-4044-B992-1240C5C791E8}.Release|Any CPU.Build.0 = Release|Any CPU
		{2057049C-8E6E-4DA4-9C3D-56DA1414681A}.Debug|Any CPU.ActiveCfg = Debug|Any CPU
		{2057049C-8E6E-4DA4-9C3D-56DA1414681A}.Debug|Any CPU.Build.0 = Debug|Any CPU
		{2057049C-8E6E-4DA4-9C3D-56DA1414681A}.Release|Any CPU.ActiveCfg = Release|Any CPU
		{2057049C-8E6E-4DA4-9C3D-56DA1414681A}.Release|Any CPU.Build.0 = Release|Any CPU
	EndGlobalSection
	GlobalSection(SolutionProperties) = preSolution
		HideSolutionNode = FALSE
	EndGlobalSection
	GlobalSection(ExtensibilityGlobals) = postSolution
		SolutionGuid = {3B9BBEA7-30EA-4E95-A160-BB269727F026}
	EndGlobalSection
EndGlobal
