
Microsoft Visual Studio Solution File, Format Version 12.00
# Visual Studio Version 17
VisualStudioVersion = 17.5.33530.505
MinimumVisualStudioVersion = 10.0.40219.1
Project("{9A19103F-16F7-4668-BE54-9A1E7A4F7556}") = "ARMTemplate.Tests", "ARMTemplate.Tests.csproj", "{930AD960-1363-41F1-B367-0B0BE0B89DB0}"
EndProject
Global
	GlobalSection(SolutionConfigurationPlatforms) = preSolution
		Debug|Any CPU = Debug|Any CPU
		Release|Any CPU = Release|Any CPU
	EndGlobalSection
	GlobalSection(ProjectConfigurationPlatforms) = postSolution
		{930AD960-1363-41F1-B367-0B0BE0B89DB0}.Debug|Any CPU.ActiveCfg = Debug|Any CPU
		{930AD960-1363-41F1-B367-0B0BE0B89DB0}.Debug|Any CPU.Build.0 = Debug|Any CPU
		{930AD960-1363-41F1-B367-0B0BE0B89DB0}.Release|Any CPU.ActiveCfg = Release|Any CPU
		{930AD960-1363-41F1-B367-0B0BE0B89DB0}.Release|Any CPU.Build.0 = Release|Any CPU
	EndGlobalSection
	GlobalSection(SolutionProperties) = preSolution
		HideSolutionNode = FALSE
	EndGlobalSection
	GlobalSection(ExtensibilityGlobals) = postSolution
		SolutionGuid = {20B69C53-F984-4FC9-8C52-219B8A567445}
	EndGlobalSection
EndGlobal
