
Microsoft Visual Studio Solution File, Format Version 12.00
# Visual Studio Version 17
VisualStudioVersion = 17.6.33712.159
MinimumVisualStudioVersion = 10.0.40219.1
Project("{FAE04EC0-301F-11D3-BF4B-00C04F79EFBC}") = "AutomationkitCLI", "AutomationkitCLI.csproj", "{A6E99AEF-46C2-40B3-9362-F86AA59887F4}"
EndProject
Global
	GlobalSection(SolutionConfigurationPlatforms) = preSolution
		Debug|Any CPU = Debug|Any CPU
		Release|Any CPU = Release|Any CPU
	EndGlobalSection
	GlobalSection(ProjectConfigurationPlatforms) = postSolution
		{A6E99AEF-46C2-40B3-9362-F86AA59887F4}.Debug|Any CPU.ActiveCfg = Debug|Any CPU
		{A6E99AEF-46C2-40B3-9362-F86AA59887F4}.Debug|Any CPU.Build.0 = Debug|Any CPU
		{A6E99AEF-46C2-40B3-9362-F86AA59887F4}.Release|Any CPU.ActiveCfg = Release|Any CPU
		{A6E99AEF-46C2-40B3-9362-F86AA59887F4}.Release|Any CPU.Build.0 = Release|Any CPU
	EndGlobalSection
	GlobalSection(SolutionProperties) = preSolution
		HideSolutionNode = FALSE
	EndGlobalSection
	GlobalSection(ExtensibilityGlobals) = postSolution
		SolutionGuid = {1191CD81-52BE-4263-8C0C-E56860B3DF4B}
	EndGlobalSection
EndGlobal
