
Microsoft Visual Studio Solution File, Format Version 12.00
# Visual Studio Version 17
VisualStudioVersion = 17.3.32929.385
MinimumVisualStudioVersion = 10.0.40219.1
Project("{9A19103F-16F7-4668-BE54-9A1E7A4F7556}") = "AutomationKitPackage_Main", "AutomationKIT_Main.csproj", "{BB7E03DC-3239-469E-9E9D-E4C89B6F95A2}"
EndProject
Global
	GlobalSection(SolutionConfigurationPlatforms) = preSolution
		Debug|Any CPU = Debug|Any CPU
		Release|Any CPU = Release|Any CPU
	EndGlobalSection
	GlobalSection(ProjectConfigurationPlatforms) = postSolution
		{BB7E03DC-3239-469E-9E9D-E4C89B6F95A2}.Debug|Any CPU.ActiveCfg = Debug|Any CPU
		{BB7E03DC-3239-469E-9E9D-E4C89B6F95A2}.Debug|Any CPU.Build.0 = Debug|Any CPU
		{BB7E03DC-3239-469E-9E9D-E4C89B6F95A2}.Release|Any CPU.ActiveCfg = Release|Any CPU
		{BB7E03DC-3239-469E-9E9D-E4C89B6F95A2}.Release|Any CPU.Build.0 = Release|Any CPU
	EndGlobalSection
	GlobalSection(SolutionProperties) = preSolution
		HideSolutionNode = FALSE
	EndGlobalSection
	GlobalSection(ExtensibilityGlobals) = postSolution
		SolutionGuid = {422A672B-9FD3-41B6-A35C-684672BC6DA0}
	EndGlobalSection
EndGlobal
